
Microsoft Visual Studio Solution File, Format Version 12.00
# Visual Studio Version 17
VisualStudioVersion = 17.2.32630.192
MinimumVisualStudioVersion = 10.0.40219.1
Project("{FAE04EC0-301F-11D3-BF4B-00C04F79EFBC}") = "AddressBookProblem", "AddressBookProblem\AddressBookProblem.csproj", "{DBBF9133-B8EE-4CA2-9744-F29245DC282A}"
EndProject
Project("{FAE04EC0-301F-11D3-BF4B-00C04F79EFBC}") = "TestProject", "TestProject\TestProject.csproj", "{5ED48EB7-FC96-4079-826F-E7F7CCB619A5}"
EndProject
Global
	GlobalSection(SolutionConfigurationPlatforms) = preSolution
		Debug|Any CPU = Debug|Any CPU
		Release|Any CPU = Release|Any CPU
	EndGlobalSection
	GlobalSection(ProjectConfigurationPlatforms) = postSolution
		{DBBF9133-B8EE-4CA2-9744-F29245DC282A}.Debug|Any CPU.ActiveCfg = Debug|Any CPU
		{DBBF9133-B8EE-4CA2-9744-F29245DC282A}.Debug|Any CPU.Build.0 = Debug|Any CPU
		{DBBF9133-B8EE-4CA2-9744-F29245DC282A}.Release|Any CPU.ActiveCfg = Release|Any CPU
		{DBBF9133-B8EE-4CA2-9744-F29245DC282A}.Release|Any CPU.Build.0 = Release|Any CPU
		{5ED48EB7-FC96-4079-826F-E7F7CCB619A5}.Debug|Any CPU.ActiveCfg = Debug|Any CPU
		{5ED48EB7-FC96-4079-826F-E7F7CCB619A5}.Debug|Any CPU.Build.0 = Debug|Any CPU
		{5ED48EB7-FC96-4079-826F-E7F7CCB619A5}.Release|Any CPU.ActiveCfg = Release|Any CPU
		{5ED48EB7-FC96-4079-826F-E7F7CCB619A5}.Release|Any CPU.Build.0 = Release|Any CPU
	EndGlobalSection
	GlobalSection(SolutionProperties) = preSolution
		HideSolutionNode = FALSE
	EndGlobalSection
	GlobalSection(ExtensibilityGlobals) = postSolution
		SolutionGuid = {6124FC0B-AA46-4CAD-BD37-208B35FBA7C7}
	EndGlobalSection
EndGlobal
